// !$*UTF8*$!
{
	archiveVersion = 1;
	classes = {
	};
	objectVersion = 56;
	objects = {

/* Begin PBXBuildFile section */
		4E34B7D92B7F79A600B114E7 /* GetFilesModels.swift in Sources */ = {isa = PBXBuildFile; fileRef = 4E34B7D82B7F79A600B114E7 /* GetFilesModels.swift */; };
		4E7CD6992B5E869D002547B1 /* testFiles in Resources */ = {isa = PBXBuildFile; fileRef = 4E7CD6982B5E869D002547B1 /* testFiles */; };
		4EB8844E2B7A52CD00F23B33 /* GetFilesView.swift in Sources */ = {isa = PBXBuildFile; fileRef = 4EB8844D2B7A52CD00F23B33 /* GetFilesView.swift */; };
		4EB884512B7A5BB800F23B33 /* GetFilesPresenter.swift in Sources */ = {isa = PBXBuildFile; fileRef = 4EB884502B7A5BB800F23B33 /* GetFilesPresenter.swift */; };
		4EB884532B7A5BC800F23B33 /* GetFilesInteractor.swift in Sources */ = {isa = PBXBuildFile; fileRef = 4EB884522B7A5BC800F23B33 /* GetFilesInteractor.swift */; };
		4EB884552B7A5D3700F23B33 /* FileDownloader.swift in Sources */ = {isa = PBXBuildFile; fileRef = 4EB884542B7A5D3700F23B33 /* FileDownloader.swift */; };
		4EDCBF142B1DEB3E000746C9 /* abxAudioApp.swift in Sources */ = {isa = PBXBuildFile; fileRef = 4EDCBF132B1DEB3E000746C9 /* abxAudioApp.swift */; };
		4EDCBF182B1DEB41000746C9 /* Assets.xcassets in Resources */ = {isa = PBXBuildFile; fileRef = 4EDCBF172B1DEB41000746C9 /* Assets.xcassets */; };
		4EDCBF1B2B1DEB41000746C9 /* Preview Assets.xcassets in Resources */ = {isa = PBXBuildFile; fileRef = 4EDCBF1A2B1DEB41000746C9 /* Preview Assets.xcassets */; };
		4EDCBF222B1DEBA0000746C9 /* ABXTestingView.swift in Sources */ = {isa = PBXBuildFile; fileRef = 4EDCBF212B1DEBA0000746C9 /* ABXTestingView.swift */; };
		4EDCBF242B21C75A000746C9 /* ABXTestingPresenter.swift in Sources */ = {isa = PBXBuildFile; fileRef = 4EDCBF232B21C75A000746C9 /* ABXTestingPresenter.swift */; };
		4EDCBF262B21CC22000746C9 /* abxAudioProtocols.swift in Sources */ = {isa = PBXBuildFile; fileRef = 4EDCBF252B21CC22000746C9 /* abxAudioProtocols.swift */; };
		4EDCBF282B274877000746C9 /* ABXTestingModels.swift in Sources */ = {isa = PBXBuildFile; fileRef = 4EDCBF272B274877000746C9 /* ABXTestingModels.swift */; };
		4EE8F6FF2B57F0CE000560A1 /* AudioPlayer.swift in Sources */ = {isa = PBXBuildFile; fileRef = 4EE8F6FE2B57F0CE000560A1 /* AudioPlayer.swift */; };
/* End PBXBuildFile section */

/* Begin PBXFileReference section */
		4E34B7D82B7F79A600B114E7 /* GetFilesModels.swift */ = {isa = PBXFileReference; lastKnownFileType = sourcecode.swift; path = GetFilesModels.swift; sourceTree = "<group>"; };
		4E7CD6982B5E869D002547B1 /* testFiles */ = {isa = PBXFileReference; lastKnownFileType = folder; path = testFiles; sourceTree = "<group>"; };
		4EB8844D2B7A52CD00F23B33 /* GetFilesView.swift */ = {isa = PBXFileReference; lastKnownFileType = sourcecode.swift; path = GetFilesView.swift; sourceTree = "<group>"; };
		4EB884502B7A5BB800F23B33 /* GetFilesPresenter.swift */ = {isa = PBXFileReference; lastKnownFileType = sourcecode.swift; path = GetFilesPresenter.swift; sourceTree = "<group>"; };
		4EB884522B7A5BC800F23B33 /* GetFilesInteractor.swift */ = {isa = PBXFileReference; lastKnownFileType = sourcecode.swift; path = GetFilesInteractor.swift; sourceTree = "<group>"; };
		4EB884542B7A5D3700F23B33 /* FileDownloader.swift */ = {isa = PBXFileReference; lastKnownFileType = sourcecode.swift; path = FileDownloader.swift; sourceTree = "<group>"; };
		4EDCBF102B1DEB3E000746C9 /* abxAudio.app */ = {isa = PBXFileReference; explicitFileType = wrapper.application; includeInIndex = 0; path = abxAudio.app; sourceTree = BUILT_PRODUCTS_DIR; };
		4EDCBF132B1DEB3E000746C9 /* abxAudioApp.swift */ = {isa = PBXFileReference; lastKnownFileType = sourcecode.swift; path = abxAudioApp.swift; sourceTree = "<group>"; };
		4EDCBF172B1DEB41000746C9 /* Assets.xcassets */ = {isa = PBXFileReference; lastKnownFileType = folder.assetcatalog; path = Assets.xcassets; sourceTree = "<group>"; };
		4EDCBF1A2B1DEB41000746C9 /* Preview Assets.xcassets */ = {isa = PBXFileReference; lastKnownFileType = folder.assetcatalog; path = "Preview Assets.xcassets"; sourceTree = "<group>"; };
		4EDCBF212B1DEBA0000746C9 /* ABXTestingView.swift */ = {isa = PBXFileReference; lastKnownFileType = sourcecode.swift; path = ABXTestingView.swift; sourceTree = "<group>"; };
		4EDCBF232B21C75A000746C9 /* ABXTestingPresenter.swift */ = {isa = PBXFileReference; lastKnownFileType = sourcecode.swift; path = ABXTestingPresenter.swift; sourceTree = "<group>"; };
		4EDCBF252B21CC22000746C9 /* abxAudioProtocols.swift */ = {isa = PBXFileReference; lastKnownFileType = sourcecode.swift; path = abxAudioProtocols.swift; sourceTree = "<group>"; };
		4EDCBF272B274877000746C9 /* ABXTestingModels.swift */ = {isa = PBXFileReference; lastKnownFileType = sourcecode.swift; path = ABXTestingModels.swift; sourceTree = "<group>"; };
		4EE8F6FE2B57F0CE000560A1 /* AudioPlayer.swift */ = {isa = PBXFileReference; lastKnownFileType = sourcecode.swift; path = AudioPlayer.swift; sourceTree = "<group>"; };
/* End PBXFileReference section */

/* Begin PBXFrameworksBuildPhase section */
		4EDCBF0D2B1DEB3E000746C9 /* Frameworks */ = {
			isa = PBXFrameworksBuildPhase;
			buildActionMask = 2147483647;
			files = (
			);
			runOnlyForDeploymentPostprocessing = 0;
		};
/* End PBXFrameworksBuildPhase section */

/* Begin PBXGroup section */
		4EB8844C2B7A528D00F23B33 /* ABXTesting */ = {
			isa = PBXGroup;
			children = (
				4EDCBF272B274877000746C9 /* ABXTestingModels.swift */,
				4EDCBF212B1DEBA0000746C9 /* ABXTestingView.swift */,
				4EDCBF232B21C75A000746C9 /* ABXTestingPresenter.swift */,
				4EE8F6FE2B57F0CE000560A1 /* AudioPlayer.swift */,
			);
			path = ABXTesting;
			sourceTree = "<group>";
		};
		4EB8844F2B7A5BA700F23B33 /* getFiles */ = {
			isa = PBXGroup;
			children = (
				4EB8844D2B7A52CD00F23B33 /* GetFilesView.swift */,
				4EB884502B7A5BB800F23B33 /* GetFilesPresenter.swift */,
				4EB884522B7A5BC800F23B33 /* GetFilesInteractor.swift */,
				4EB884542B7A5D3700F23B33 /* FileDownloader.swift */,
				4E34B7D82B7F79A600B114E7 /* GetFilesModels.swift */,
			);
			path = getFiles;
			sourceTree = "<group>";
		};
		4EDCBF072B1DEB3E000746C9 = {
			isa = PBXGroup;
			children = (
				4EDCBF122B1DEB3E000746C9 /* abxAudio */,
				4EDCBF112B1DEB3E000746C9 /* Products */,
			);
			sourceTree = "<group>";
		};
		4EDCBF112B1DEB3E000746C9 /* Products */ = {
			isa = PBXGroup;
			children = (
				4EDCBF102B1DEB3E000746C9 /* abxAudio.app */,
			);
			name = Products;
			sourceTree = "<group>";
		};
		4EDCBF122B1DEB3E000746C9 /* abxAudio */ = {
			isa = PBXGroup;
			children = (
				4E7CD6982B5E869D002547B1 /* testFiles */,
				4EDCBF132B1DEB3E000746C9 /* abxAudioApp.swift */,
				4EB8844C2B7A528D00F23B33 /* ABXTesting */,
				4EDCBF252B21CC22000746C9 /* abxAudioProtocols.swift */,
				4EDCBF172B1DEB41000746C9 /* Assets.xcassets */,
				4EDCBF192B1DEB41000746C9 /* Preview Content */,
				4EB8844F2B7A5BA700F23B33 /* getFiles */,
			);
			path = abxAudio;
			sourceTree = "<group>";
		};
		4EDCBF192B1DEB41000746C9 /* Preview Content */ = {
			isa = PBXGroup;
			children = (
				4EDCBF1A2B1DEB41000746C9 /* Preview Assets.xcassets */,
			);
			path = "Preview Content";
			sourceTree = "<group>";
		};
/* End PBXGroup section */

/* Begin PBXNativeTarget section */
		4EDCBF0F2B1DEB3E000746C9 /* abxAudio */ = {
			isa = PBXNativeTarget;
			buildConfigurationList = 4EDCBF1E2B1DEB41000746C9 /* Build configuration list for PBXNativeTarget "abxAudio" */;
			buildPhases = (
				4EDCBF0C2B1DEB3E000746C9 /* Sources */,
				4EDCBF0D2B1DEB3E000746C9 /* Frameworks */,
				4EDCBF0E2B1DEB3E000746C9 /* Resources */,
			);
			buildRules = (
			);
			dependencies = (
			);
			name = abxAudio;
			productName = abxAudio;
			productReference = 4EDCBF102B1DEB3E000746C9 /* abxAudio.app */;
			productType = "com.apple.product-type.application";
		};
/* End PBXNativeTarget section */

/* Begin PBXProject section */
		4EDCBF082B1DEB3E000746C9 /* Project object */ = {
			isa = PBXProject;
			attributes = {
				BuildIndependentTargetsInParallel = 1;
				LastSwiftUpdateCheck = 1410;
				LastUpgradeCheck = 1410;
				TargetAttributes = {
					4EDCBF0F2B1DEB3E000746C9 = {
						CreatedOnToolsVersion = 14.1;
					};
				};
			};
			buildConfigurationList = 4EDCBF0B2B1DEB3E000746C9 /* Build configuration list for PBXProject "abxAudio" */;
			compatibilityVersion = "Xcode 14.0";
			developmentRegion = en;
			hasScannedForEncodings = 0;
			knownRegions = (
				en,
				Base,
			);
			mainGroup = 4EDCBF072B1DEB3E000746C9;
			productRefGroup = 4EDCBF112B1DEB3E000746C9 /* Products */;
			projectDirPath = "";
			projectRoot = "";
			targets = (
				4EDCBF0F2B1DEB3E000746C9 /* abxAudio */,
			);
		};
/* End PBXProject section */

/* Begin PBXResourcesBuildPhase section */
		4EDCBF0E2B1DEB3E000746C9 /* Resources */ = {
			isa = PBXResourcesBuildPhase;
			buildActionMask = 2147483647;
			files = (
				4EDCBF1B2B1DEB41000746C9 /* Preview Assets.xcassets in Resources */,
				4EDCBF182B1DEB41000746C9 /* Assets.xcassets in Resources */,
				4E7CD6992B5E869D002547B1 /* testFiles in Resources */,
			);
			runOnlyForDeploymentPostprocessing = 0;
		};
/* End PBXResourcesBuildPhase section */

/* Begin PBXSourcesBuildPhase section */
		4EDCBF0C2B1DEB3E000746C9 /* Sources */ = {
			isa = PBXSourcesBuildPhase;
			buildActionMask = 2147483647;
			files = (
				4E34B7D92B7F79A600B114E7 /* GetFilesModels.swift in Sources */,
				4EDCBF262B21CC22000746C9 /* abxAudioProtocols.swift in Sources */,
				4EDCBF242B21C75A000746C9 /* ABXTestingPresenter.swift in Sources */,
				4EB884532B7A5BC800F23B33 /* GetFilesInteractor.swift in Sources */,
				4EDCBF222B1DEBA0000746C9 /* ABXTestingView.swift in Sources */,
				4EB8844E2B7A52CD00F23B33 /* GetFilesView.swift in Sources */,
				4EB884552B7A5D3700F23B33 /* FileDownloader.swift in Sources */,
				4EDCBF142B1DEB3E000746C9 /* abxAudioApp.swift in Sources */,
				4EB884512B7A5BB800F23B33 /* GetFilesPresenter.swift in Sources */,
				4EDCBF282B274877000746C9 /* ABXTestingModels.swift in Sources */,
				4EE8F6FF2B57F0CE000560A1 /* AudioPlayer.swift in Sources */,
			);
			runOnlyForDeploymentPostprocessing = 0;
		};
/* End PBXSourcesBuildPhase section */

/* Begin XCBuildConfiguration section */
		4EDCBF1C2B1DEB41000746C9 /* Debug */ = {
			isa = XCBuildConfiguration;
			buildSettings = {
				ALWAYS_SEARCH_USER_PATHS = NO;
				CLANG_ANALYZER_NONNULL = YES;
				CLANG_ANALYZER_NUMBER_OBJECT_CONVERSION = YES_AGGRESSIVE;
				CLANG_CXX_LANGUAGE_STANDARD = "gnu++20";
				CLANG_ENABLE_MODULES = YES;
				CLANG_ENABLE_OBJC_ARC = YES;
				CLANG_ENABLE_OBJC_WEAK = YES;
				CLANG_WARN_BLOCK_CAPTURE_AUTORELEASING = YES;
				CLANG_WARN_BOOL_CONVERSION = YES;
				CLANG_WARN_COMMA = YES;
				CLANG_WARN_CONSTANT_CONVERSION = YES;
				CLANG_WARN_DEPRECATED_OBJC_IMPLEMENTATIONS = YES;
				CLANG_WARN_DIRECT_OBJC_ISA_USAGE = YES_ERROR;
				CLANG_WARN_DOCUMENTATION_COMMENTS = YES;
				CLANG_WARN_EMPTY_BODY = YES;
				CLANG_WARN_ENUM_CONVERSION = YES;
				CLANG_WARN_INFINITE_RECURSION = YES;
				CLANG_WARN_INT_CONVERSION = YES;
				CLANG_WARN_NON_LITERAL_NULL_CONVERSION = YES;
				CLANG_WARN_OBJC_IMPLICIT_RETAIN_SELF = YES;
				CLANG_WARN_OBJC_LITERAL_CONVERSION = YES;
				CLANG_WARN_OBJC_ROOT_CLASS = YES_ERROR;
				CLANG_WARN_QUOTED_INCLUDE_IN_FRAMEWORK_HEADER = YES;
				CLANG_WARN_RANGE_LOOP_ANALYSIS = YES;
				CLANG_WARN_STRICT_PROTOTYPES = YES;
				CLANG_WARN_SUSPICIOUS_MOVE = YES;
				CLANG_WARN_UNGUARDED_AVAILABILITY = YES_AGGRESSIVE;
				CLANG_WARN_UNREACHABLE_CODE = YES;
				CLANG_WARN__DUPLICATE_METHOD_MATCH = YES;
				COPY_PHASE_STRIP = NO;
				DEBUG_INFORMATION_FORMAT = dwarf;
				ENABLE_STRICT_OBJC_MSGSEND = YES;
				ENABLE_TESTABILITY = YES;
				GCC_C_LANGUAGE_STANDARD = gnu11;
				GCC_DYNAMIC_NO_PIC = NO;
				GCC_NO_COMMON_BLOCKS = YES;
				GCC_OPTIMIZATION_LEVEL = 0;
				GCC_PREPROCESSOR_DEFINITIONS = (
					"DEBUG=1",
					"$(inherited)",
				);
				GCC_WARN_64_TO_32_BIT_CONVERSION = YES;
				GCC_WARN_ABOUT_RETURN_TYPE = YES_ERROR;
				GCC_WARN_UNDECLARED_SELECTOR = YES;
				GCC_WARN_UNINITIALIZED_AUTOS = YES_AGGRESSIVE;
				GCC_WARN_UNUSED_FUNCTION = YES;
				GCC_WARN_UNUSED_VARIABLE = YES;
				IPHONEOS_DEPLOYMENT_TARGET = 16.1;
				MTL_ENABLE_DEBUG_INFO = INCLUDE_SOURCE;
				MTL_FAST_MATH = YES;
				ONLY_ACTIVE_ARCH = YES;
				SDKROOT = iphoneos;
				SWIFT_ACTIVE_COMPILATION_CONDITIONS = DEBUG;
				SWIFT_OPTIMIZATION_LEVEL = "-Onone";
			};
			name = Debug;
		};
		4EDCBF1D2B1DEB41000746C9 /* Release */ = {
			isa = XCBuildConfiguration;
			buildSettings = {
				ALWAYS_SEARCH_USER_PATHS = NO;
				CLANG_ANALYZER_NONNULL = YES;
				CLANG_ANALYZER_NUMBER_OBJECT_CONVERSION = YES_AGGRESSIVE;
				CLANG_CXX_LANGUAGE_STANDARD = "gnu++20";
				CLANG_ENABLE_MODULES = YES;
				CLANG_ENABLE_OBJC_ARC = YES;
				CLANG_ENABLE_OBJC_WEAK = YES;
				CLANG_WARN_BLOCK_CAPTURE_AUTORELEASING = YES;
				CLANG_WARN_BOOL_CONVERSION = YES;
				CLANG_WARN_COMMA = YES;
				CLANG_WARN_CONSTANT_CONVERSION = YES;
				CLANG_WARN_DEPRECATED_OBJC_IMPLEMENTATIONS = YES;
				CLANG_WARN_DIRECT_OBJC_ISA_USAGE = YES_ERROR;
				CLANG_WARN_DOCUMENTATION_COMMENTS = YES;
				CLANG_WARN_EMPTY_BODY = YES;
				CLANG_WARN_ENUM_CONVERSION = YES;
				CLANG_WARN_INFINITE_RECURSION = YES;
				CLANG_WARN_INT_CONVERSION = YES;
				CLANG_WARN_NON_LITERAL_NULL_CONVERSION = YES;
				CLANG_WARN_OBJC_IMPLICIT_RETAIN_SELF = YES;
				CLANG_WARN_OBJC_LITERAL_CONVERSION = YES;
				CLANG_WARN_OBJC_ROOT_CLASS = YES_ERROR;
				CLANG_WARN_QUOTED_INCLUDE_IN_FRAMEWORK_HEADER = YES;
				CLANG_WARN_RANGE_LOOP_ANALYSIS = YES;
				CLANG_WARN_STRICT_PROTOTYPES = YES;
				CLANG_WARN_SUSPICIOUS_MOVE = YES;
				CLANG_WARN_UNGUARDED_AVAILABILITY = YES_AGGRESSIVE;
				CLANG_WARN_UNREACHABLE_CODE = YES;
				CLANG_WARN__DUPLICATE_METHOD_MATCH = YES;
				COPY_PHASE_STRIP = NO;
				DEBUG_INFORMATION_FORMAT = "dwarf-with-dsym";
				ENABLE_NS_ASSERTIONS = NO;
				ENABLE_STRICT_OBJC_MSGSEND = YES;
				GCC_C_LANGUAGE_STANDARD = gnu11;
				GCC_NO_COMMON_BLOCKS = YES;
				GCC_WARN_64_TO_32_BIT_CONVERSION = YES;
				GCC_WARN_ABOUT_RETURN_TYPE = YES_ERROR;
				GCC_WARN_UNDECLARED_SELECTOR = YES;
				GCC_WARN_UNINITIALIZED_AUTOS = YES_AGGRESSIVE;
				GCC_WARN_UNUSED_FUNCTION = YES;
				GCC_WARN_UNUSED_VARIABLE = YES;
				IPHONEOS_DEPLOYMENT_TARGET = 16.1;
				MTL_ENABLE_DEBUG_INFO = NO;
				MTL_FAST_MATH = YES;
				SDKROOT = iphoneos;
				SWIFT_COMPILATION_MODE = wholemodule;
				SWIFT_OPTIMIZATION_LEVEL = "-O";
				VALIDATE_PRODUCT = YES;
			};
			name = Release;
		};
		4EDCBF1F2B1DEB41000746C9 /* Debug */ = {
			isa = XCBuildConfiguration;
			buildSettings = {
				ASSETCATALOG_COMPILER_APPICON_NAME = AppIcon;
				ASSETCATALOG_COMPILER_GLOBAL_ACCENT_COLOR_NAME = AccentColor;
				CODE_SIGN_STYLE = Automatic;
				CURRENT_PROJECT_VERSION = 1;
				DEVELOPMENT_ASSET_PATHS = "\"abxAudio/Preview Content\"";
				DEVELOPMENT_TEAM = 6L9C7TASC4;
				ENABLE_PREVIEWS = YES;
				GENERATE_INFOPLIST_FILE = YES;
				INFOPLIST_KEY_UIApplicationSceneManifest_Generation = YES;
				INFOPLIST_KEY_UIApplicationSupportsIndirectInputEvents = YES;
				INFOPLIST_KEY_UILaunchScreen_Generation = YES;
				INFOPLIST_KEY_UISupportedInterfaceOrientations_iPad = "UIInterfaceOrientationPortrait UIInterfaceOrientationPortraitUpsideDown UIInterfaceOrientationLandscapeLeft UIInterfaceOrientationLandscapeRight";
				INFOPLIST_KEY_UISupportedInterfaceOrientations_iPhone = "UIInterfaceOrientationPortrait UIInterfaceOrientationLandscapeLeft UIInterfaceOrientationLandscapeRight";
				LD_RUNPATH_SEARCH_PATHS = (
					"$(inherited)",
					"@executable_path/Frameworks",
				);
				MARKETING_VERSION = 1.0;
				PRODUCT_BUNDLE_IDENTIFIER = gpb.abxAudio;
				PRODUCT_NAME = "$(TARGET_NAME)";
				SWIFT_EMIT_LOC_STRINGS = YES;
				SWIFT_VERSION = 5.0;
				TARGETED_DEVICE_FAMILY = "1,2";
			};
			name = Debug;
		};
		4EDCBF202B1DEB41000746C9 /* Release */ = {
			isa = XCBuildConfiguration;
			buildSettings = {
				ASSETCATALOG_COMPILER_APPICON_NAME = AppIcon;
				ASSETCATALOG_COMPILER_GLOBAL_ACCENT_COLOR_NAME = AccentColor;
				CODE_SIGN_STYLE = Automatic;
				CURRENT_PROJECT_VERSION = 1;
				DEVELOPMENT_ASSET_PATHS = "\"abxAudio/Preview Content\"";
				DEVELOPMENT_TEAM = 6L9C7TASC4;
				ENABLE_PREVIEWS = YES;
				GENERATE_INFOPLIST_FILE = YES;
				INFOPLIST_KEY_UIApplicationSceneManifest_Generation = YES;
				INFOPLIST_KEY_UIApplicationSupportsIndirectInputEvents = YES;
				INFOPLIST_KEY_UILaunchScreen_Generation = YES;
				INFOPLIST_KEY_UISupportedInterfaceOrientations_iPad = "UIInterfaceOrientationPortrait UIInterfaceOrientationPortraitUpsideDown UIInterfaceOrientationLandscapeLeft UIInterfaceOrientationLandscapeRight";
				INFOPLIST_KEY_UISupportedInterfaceOrientations_iPhone = "UIInterfaceOrientationPortrait UIInterfaceOrientationLandscapeLeft UIInterfaceOrientationLandscapeRight";
				LD_RUNPATH_SEARCH_PATHS = (
					"$(inherited)",
					"@executable_path/Frameworks",
				);
				MARKETING_VERSION = 1.0;
				PRODUCT_BUNDLE_IDENTIFIER = gpb.abxAudio;
				PRODUCT_NAME = "$(TARGET_NAME)";
				SWIFT_EMIT_LOC_STRINGS = YES;
				SWIFT_VERSION = 5.0;
				TARGETED_DEVICE_FAMILY = "1,2";
			};
			name = Release;
		};
/* End XCBuildConfiguration section */

/* Begin XCConfigurationList section */
		4EDCBF0B2B1DEB3E000746C9 /* Build configuration list for PBXProject "abxAudio" */ = {
			isa = XCConfigurationList;
			buildConfigurations = (
				4EDCBF1C2B1DEB41000746C9 /* Debug */,
				4EDCBF1D2B1DEB41000746C9 /* Release */,
			);
			defaultConfigurationIsVisible = 0;
			defaultConfigurationName = Release;
		};
		4EDCBF1E2B1DEB41000746C9 /* Build configuration list for PBXNativeTarget "abxAudio" */ = {
			isa = XCConfigurationList;
			buildConfigurations = (
				4EDCBF1F2B1DEB41000746C9 /* Debug */,
				4EDCBF202B1DEB41000746C9 /* Release */,
			);
			defaultConfigurationIsVisible = 0;
			defaultConfigurationName = Release;
		};
/* End XCConfigurationList section */
	};
	rootObject = 4EDCBF082B1DEB3E000746C9 /* Project object */;
}
